// !$*UTF8*$!
{
	archiveVersion = 1;
	classes = {
	};
	objectVersion = 50;
	objects = {

/* Begin PBXBuildFile section */
		78D3485DDA79B70DDD37592B /* Pods_TempSDK.framework in Frameworks */ = {isa = PBXBuildFile; fileRef = 00D29990B7E0AFA85B2D364E /* Pods_TempSDK.framework */; };
		E88C55C32444884600A06C38 /* TempSDK.h in Headers */ = {isa = PBXBuildFile; fileRef = E88C55C12444884600A06C38 /* TempSDK.h */; settings = {ATTRIBUTES = (Public, ); }; };
		E88C55F024448F1100A06C38 /* TempSDKTest.h in Headers */ = {isa = PBXBuildFile; fileRef = E88C55EE24448F1100A06C38 /* TempSDKTest.h */; settings = {ATTRIBUTES = (Public, ); }; };
		E88C55F124448F1100A06C38 /* TempSDKTest.m in Sources */ = {isa = PBXBuildFile; fileRef = E88C55EF24448F1100A06C38 /* TempSDKTest.m */; };
/* End PBXBuildFile section */

/* Begin PBXFileReference section */
		00D29990B7E0AFA85B2D364E /* Pods_TempSDK.framework */ = {isa = PBXFileReference; explicitFileType = wrapper.framework; includeInIndex = 0; path = Pods_TempSDK.framework; sourceTree = BUILT_PRODUCTS_DIR; };
		3CB53F4DD41F50971294B86A /* Pods-TempSDK.release.xcconfig */ = {isa = PBXFileReference; includeInIndex = 1; lastKnownFileType = text.xcconfig; name = "Pods-TempSDK.release.xcconfig"; path = "../Pods/Target Support Files/Pods-TempSDK/Pods-TempSDK.release.xcconfig"; sourceTree = "<group>"; };
		C4A0669E779EB959D23E31A5 /* Pods-TempSDK.debug.xcconfig */ = {isa = PBXFileReference; includeInIndex = 1; lastKnownFileType = text.xcconfig; name = "Pods-TempSDK.debug.xcconfig"; path = "../Pods/Target Support Files/Pods-TempSDK/Pods-TempSDK.debug.xcconfig"; sourceTree = "<group>"; };
		E88C55BE2444884600A06C38 /* TempSDK.framework */ = {isa = PBXFileReference; explicitFileType = wrapper.framework; includeInIndex = 0; path = TempSDK.framework; sourceTree = BUILT_PRODUCTS_DIR; };
		E88C55C12444884600A06C38 /* TempSDK.h */ = {isa = PBXFileReference; lastKnownFileType = sourcecode.c.h; path = TempSDK.h; sourceTree = "<group>"; };
		E88C55C22444884600A06C38 /* Info.plist */ = {isa = PBXFileReference; lastKnownFileType = text.plist.xml; path = Info.plist; sourceTree = "<group>"; };
		E88C55EE24448F1100A06C38 /* TempSDKTest.h */ = {isa = PBXFileReference; lastKnownFileType = sourcecode.c.h; path = TempSDKTest.h; sourceTree = "<group>"; };
		E88C55EF24448F1100A06C38 /* TempSDKTest.m */ = {isa = PBXFileReference; lastKnownFileType = sourcecode.c.objc; path = TempSDKTest.m; sourceTree = "<group>"; };
/* End PBXFileReference section */

/* Begin PBXFrameworksBuildPhase section */
		E88C55BB2444884600A06C38 /* Frameworks */ = {
			isa = PBXFrameworksBuildPhase;
			buildActionMask = 2147483647;
			files = (
				78D3485DDA79B70DDD37592B /* Pods_TempSDK.framework in Frameworks */,
			);
			runOnlyForDeploymentPostprocessing = 0;
		};
/* End PBXFrameworksBuildPhase section */

/* Begin PBXGroup section */
		82ED1624337D8E12C98D8B08 /* Pods */ = {
			isa = PBXGroup;
			children = (
				C4A0669E779EB959D23E31A5 /* Pods-TempSDK.debug.xcconfig */,
				3CB53F4DD41F50971294B86A /* Pods-TempSDK.release.xcconfig */,
			);
			name = Pods;
			sourceTree = "<group>";
		};
		BBAEC38D836D93767CD9E5C2 /* Frameworks */ = {
			isa = PBXGroup;
			children = (
				00D29990B7E0AFA85B2D364E /* Pods_TempSDK.framework */,
			);
			name = Frameworks;
			sourceTree = "<group>";
		};
		E88C55B42444884600A06C38 = {
			isa = PBXGroup;
			children = (
				E88C55C02444884600A06C38 /* TempSDK */,
				E88C55BF2444884600A06C38 /* Products */,
				82ED1624337D8E12C98D8B08 /* Pods */,
				BBAEC38D836D93767CD9E5C2 /* Frameworks */,
			);
			sourceTree = "<group>";
		};
		E88C55BF2444884600A06C38 /* Products */ = {
			isa = PBXGroup;
			children = (
				E88C55BE2444884600A06C38 /* TempSDK.framework */,
			);
			name = Products;
			sourceTree = "<group>";
		};
		E88C55C02444884600A06C38 /* TempSDK */ = {
			isa = PBXGroup;
			children = (
				E88C55C12444884600A06C38 /* TempSDK.h */,
				E88C55EE24448F1100A06C38 /* TempSDKTest.h */,
				E88C55EF24448F1100A06C38 /* TempSDKTest.m */,
				E88C55C22444884600A06C38 /* Info.plist */,
			);
			path = TempSDK;
			sourceTree = "<group>";
		};
/* End PBXGroup section */

/* Begin PBXHeadersBuildPhase section */
		E88C55B92444884600A06C38 /* Headers */ = {
			isa = PBXHeadersBuildPhase;
			buildActionMask = 2147483647;
			files = (
				E88C55F024448F1100A06C38 /* TempSDKTest.h in Headers */,
				E88C55C32444884600A06C38 /* TempSDK.h in Headers */,
			);
			runOnlyForDeploymentPostprocessing = 0;
		};
/* End PBXHeadersBuildPhase section */

/* Begin PBXNativeTarget section */
		E88C55BD2444884600A06C38 /* TempSDK */ = {
			isa = PBXNativeTarget;
			buildConfigurationList = E88C55C62444884600A06C38 /* Build configuration list for PBXNativeTarget "TempSDK" */;
			buildPhases = (
				39943086BB9D86CC72835058 /* [CP] Check Pods Manifest.lock */,
				E88C55B92444884600A06C38 /* Headers */,
				E88C55BA2444884600A06C38 /* Sources */,
				E88C55BB2444884600A06C38 /* Frameworks */,
				E88C55BC2444884600A06C38 /* Resources */,
			);
			buildRules = (
			);
			dependencies = (
			);
			name = TempSDK;
			productName = TempSDK;
			productReference = E88C55BE2444884600A06C38 /* TempSDK.framework */;
			productType = "com.apple.product-type.framework";
		};
/* End PBXNativeTarget section */

/* Begin PBXProject section */
		E88C55B52444884600A06C38 /* Project object */ = {
			isa = PBXProject;
			attributes = {
				LastUpgradeCheck = 1140;
				ORGANIZATIONNAME = "曹飞";
				TargetAttributes = {
					E88C55BD2444884600A06C38 = {
						CreatedOnToolsVersion = 11.4;
					};
				};
			};
			buildConfigurationList = E88C55B82444884600A06C38 /* Build configuration list for PBXProject "TempSDK" */;
			compatibilityVersion = "Xcode 9.3";
			developmentRegion = en;
			hasScannedForEncodings = 0;
			knownRegions = (
				en,
				Base,
			);
			mainGroup = E88C55B42444884600A06C38;
			productRefGroup = E88C55BF2444884600A06C38 /* Products */;
			projectDirPath = "";
			projectRoot = "";
			targets = (
				E88C55BD2444884600A06C38 /* TempSDK */,
			);
		};
/* End PBXProject section */

/* Begin PBXResourcesBuildPhase section */
		E88C55BC2444884600A06C38 /* Resources */ = {
			isa = PBXResourcesBuildPhase;
			buildActionMask = 2147483647;
			files = (
			);
			runOnlyForDeploymentPostprocessing = 0;
		};
/* End PBXResourcesBuildPhase section */

/* Begin PBXShellScriptBuildPhase section */
		39943086BB9D86CC72835058 /* [CP] Check Pods Manifest.lock */ = {
			isa = PBXShellScriptBuildPhase;
			buildActionMask = 2147483647;
			files = (
			);
			inputPaths = (
				"${PODS_PODFILE_DIR_PATH}/Podfile.lock",
				"${PODS_ROOT}/Manifest.lock",
			);
			name = "[CP] Check Pods Manifest.lock";
			outputPaths = (
				"$(DERIVED_FILE_DIR)/Pods-TempSDK-checkManifestLockResult.txt",
			);
			runOnlyForDeploymentPostprocessing = 0;
			shellPath = /bin/sh;
			shellScript = "diff \"${PODS_PODFILE_DIR_PATH}/Podfile.lock\" \"${PODS_ROOT}/Manifest.lock\" > /dev/null\nif [ $? != 0 ] ; then\n    # print error to STDERR\n    echo \"error: The sandbox is not in sync with the Podfile.lock. Run 'pod install' or update your CocoaPods installation.\" >&2\n    exit 1\nfi\n# This output is used by Xcode 'outputs' to avoid re-running this script phase.\necho \"SUCCESS\" > \"${SCRIPT_OUTPUT_FILE_0}\"\n";
			showEnvVarsInLog = 0;
		};
/* End PBXShellScriptBuildPhase section */

/* Begin PBXSourcesBuildPhase section */
		E88C55BA2444884600A06C38 /* Sources */ = {
			isa = PBXSourcesBuildPhase;
			buildActionMask = 2147483647;
			files = (
				E88C55F124448F1100A06C38 /* TempSDKTest.m in Sources */,
			);
			runOnlyForDeploymentPostprocessing = 0;
		};
/* End PBXSourcesBuildPhase section */

/* Begin XCBuildConfiguration section */
		E88C55C42444884600A06C38 /* Debug */ = {
			isa = XCBuildConfiguration;
			buildSettings = {
				ALWAYS_SEARCH_USER_PATHS = NO;
				CLANG_ANALYZER_NONNULL = YES;
				CLANG_ANALYZER_NUMBER_OBJECT_CONVERSION = YES_AGGRESSIVE;
				CLANG_CXX_LANGUAGE_STANDARD = "gnu++14";
				CLANG_CXX_LIBRARY = "libc++";
				CLANG_ENABLE_MODULES = YES;
				CLANG_ENABLE_OBJC_ARC = YES;
				CLANG_ENABLE_OBJC_WEAK = YES;
				CLANG_WARN_BLOCK_CAPTURE_AUTORELEASING = YES;
				CLANG_WARN_BOOL_CONVERSION = YES;
				CLANG_WARN_COMMA = YES;
				CLANG_WARN_CONSTANT_CONVERSION = YES;
				CLANG_WARN_DEPRECATED_OBJC_IMPLEMENTATIONS = YES;
				CLANG_WARN_DIRECT_OBJC_ISA_USAGE = YES_ERROR;
				CLANG_WARN_DOCUMENTATION_COMMENTS = YES;
				CLANG_WARN_EMPTY_BODY = YES;
				CLANG_WARN_ENUM_CONVERSION = YES;
				CLANG_WARN_INFINITE_RECURSION = YES;
				CLANG_WARN_INT_CONVERSION = YES;
				CLANG_WARN_NON_LITERAL_NULL_CONVERSION = YES;
				CLANG_WARN_OBJC_IMPLICIT_RETAIN_SELF = YES;
				CLANG_WARN_OBJC_LITERAL_CONVERSION = YES;
				CLANG_WARN_OBJC_ROOT_CLASS = YES_ERROR;
				CLANG_WARN_RANGE_LOOP_ANALYSIS = YES;
				CLANG_WARN_STRICT_PROTOTYPES = YES;
				CLANG_WARN_SUSPICIOUS_MOVE = YES;
				CLANG_WARN_UNGUARDED_AVAILABILITY = YES_AGGRESSIVE;
				CLANG_WARN_UNREACHABLE_CODE = YES;
				CLANG_WARN__DUPLICATE_METHOD_MATCH = YES;
				COPY_PHASE_STRIP = NO;
				CURRENT_PROJECT_VERSION = 1;
				DEBUG_INFORMATION_FORMAT = dwarf;
				ENABLE_STRICT_OBJC_MSGSEND = YES;
				ENABLE_TESTABILITY = YES;
				GCC_C_LANGUAGE_STANDARD = gnu11;
				GCC_DYNAMIC_NO_PIC = NO;
				GCC_NO_COMMON_BLOCKS = YES;
				GCC_OPTIMIZATION_LEVEL = 0;
				GCC_PREPROCESSOR_DEFINITIONS = (
					"DEBUG=1",
					"$(inherited)",
				);
				GCC_WARN_64_TO_32_BIT_CONVERSION = YES;
				GCC_WARN_ABOUT_RETURN_TYPE = YES_ERROR;
				GCC_WARN_UNDECLARED_SELECTOR = YES;
				GCC_WARN_UNINITIALIZED_AUTOS = YES_AGGRESSIVE;
				GCC_WARN_UNUSED_FUNCTION = YES;
				GCC_WARN_UNUSED_VARIABLE = YES;
				IPHONEOS_DEPLOYMENT_TARGET = 13.4;
				MTL_ENABLE_DEBUG_INFO = INCLUDE_SOURCE;
				MTL_FAST_MATH = YES;
				ONLY_ACTIVE_ARCH = YES;
				SDKROOT = iphoneos;
				VERSIONING_SYSTEM = "apple-generic";
				VERSION_INFO_PREFIX = "";
			};
			name = Debug;
		};
		E88C55C52444884600A06C38 /* Release */ = {
			isa = XCBuildConfiguration;
			buildSettings = {
				ALWAYS_SEARCH_USER_PATHS = NO;
				CLANG_ANALYZER_NONNULL = YES;
				CLANG_ANALYZER_NUMBER_OBJECT_CONVERSION = YES_AGGRESSIVE;
				CLANG_CXX_LANGUAGE_STANDARD = "gnu++14";
				CLANG_CXX_LIBRARY = "libc++";
				CLANG_ENABLE_MODULES = YES;
				CLANG_ENABLE_OBJC_ARC = YES;
				CLANG_ENABLE_OBJC_WEAK = YES;
				CLANG_WARN_BLOCK_CAPTURE_AUTORELEASING = YES;
				CLANG_WARN_BOOL_CONVERSION = YES;
				CLANG_WARN_COMMA = YES;
				CLANG_WARN_CONSTANT_CONVERSION = YES;
				CLANG_WARN_DEPRECATED_OBJC_IMPLEMENTATIONS = YES;
				CLANG_WARN_DIRECT_OBJC_ISA_USAGE = YES_ERROR;
				CLANG_WARN_DOCUMENTATION_COMMENTS = YES;
				CLANG_WARN_EMPTY_BODY = YES;
				CLANG_WARN_ENUM_CONVERSION = YES;
				CLANG_WARN_INFINITE_RECURSION = YES;
				CLANG_WARN_INT_CONVERSION = YES;
				CLANG_WARN_NON_LITERAL_NULL_CONVERSION = YES;
				CLANG_WARN_OBJC_IMPLICIT_RETAIN_SELF = YES;
				CLANG_WARN_OBJC_LITERAL_CONVERSION = YES;
				CLANG_WARN_OBJC_ROOT_CLASS = YES_ERROR;
				CLANG_WARN_RANGE_LOOP_ANALYSIS = YES;
				CLANG_WARN_STRICT_PROTOTYPES = YES;
				CLANG_WARN_SUSPICIOUS_MOVE = YES;
				CLANG_WARN_UNGUARDED_AVAILABILITY = YES_AGGRESSIVE;
				CLANG_WARN_UNREACHABLE_CODE = YES;
				CLANG_WARN__DUPLICATE_METHOD_MATCH = YES;
				COPY_PHASE_STRIP = NO;
				CURRENT_PROJECT_VERSION = 1;
				DEBUG_INFORMATION_FORMAT = "dwarf-with-dsym";
				ENABLE_NS_ASSERTIONS = NO;
				ENABLE_STRICT_OBJC_MSGSEND = YES;
				GCC_C_LANGUAGE_STANDARD = gnu11;
				GCC_NO_COMMON_BLOCKS = YES;
				GCC_WARN_64_TO_32_BIT_CONVERSION = YES;
				GCC_WARN_ABOUT_RETURN_TYPE = YES_ERROR;
				GCC_WARN_UNDECLARED_SELECTOR = YES;
				GCC_WARN_UNINITIALIZED_AUTOS = YES_AGGRESSIVE;
				GCC_WARN_UNUSED_FUNCTION = YES;
				GCC_WARN_UNUSED_VARIABLE = YES;
				IPHONEOS_DEPLOYMENT_TARGET = 13.4;
				MTL_ENABLE_DEBUG_INFO = NO;
				MTL_FAST_MATH = YES;
				SDKROOT = iphoneos;
				VALIDATE_PRODUCT = YES;
				VERSIONING_SYSTEM = "apple-generic";
				VERSION_INFO_PREFIX = "";
			};
			name = Release;
		};
		E88C55C72444884600A06C38 /* Debug */ = {
			isa = XCBuildConfiguration;
			baseConfigurationReference = C4A0669E779EB959D23E31A5 /* Pods-TempSDK.debug.xcconfig */;
			buildSettings = {
				CODE_SIGN_STYLE = Automatic;
				DEFINES_MODULE = YES;
				DEVELOPMENT_TEAM = B6WTUR2Q7L;
				DYLIB_COMPATIBILITY_VERSION = 1;
				DYLIB_CURRENT_VERSION = 1;
				DYLIB_INSTALL_NAME_BASE = "@rpath";
				INFOPLIST_FILE = TempSDK/Info.plist;
				INSTALL_PATH = "$(LOCAL_LIBRARY_DIR)/Frameworks";
				LD_RUNPATH_SEARCH_PATHS = (
					"$(inherited)",
					"@executable_path/Frameworks",
					"@loader_path/Frameworks",
				);
				MACH_O_TYPE = staticlib;
				PRODUCT_BUNDLE_IDENTIFIER = tv.buka.file.TempSDK;
				PRODUCT_NAME = "$(TARGET_NAME:c99extidentifier)";
				SKIP_INSTALL = YES;
				TARGETED_DEVICE_FAMILY = "1,2";
			};
			name = Debug;
		};
		E88C55C82444884600A06C38 /* Release */ = {
			isa = XCBuildConfiguration;
			baseConfigurationReference = 3CB53F4DD41F50971294B86A /* Pods-TempSDK.release.xcconfig */;
			buildSettings = {
				CODE_SIGN_STYLE = Automatic;
				DEFINES_MODULE = YES;
				DEVELOPMENT_TEAM = B6WTUR2Q7L;
				DYLIB_COMPATIBILITY_VERSION = 1;
				DYLIB_CURRENT_VERSION = 1;
				DYLIB_INSTALL_NAME_BASE = "@rpath";
				INFOPLIST_FILE = TempSDK/Info.plist;
				INSTALL_PATH = "$(LOCAL_LIBRARY_DIR)/Frameworks";
				LD_RUNPATH_SEARCH_PATHS = (
					"$(inherited)",
					"@executable_path/Frameworks",
					"@loader_path/Frameworks",
				);
				MACH_O_TYPE = staticlib;
				PRODUCT_BUNDLE_IDENTIFIER = tv.buka.file.TempSDK;
				PRODUCT_NAME = "$(TARGET_NAME:c99extidentifier)";
				SKIP_INSTALL = YES;
				TARGETED_DEVICE_FAMILY = "1,2";
			};
			name = Release;
		};
/* End XCBuildConfiguration section */

/* Begin XCConfigurationList section */
		E88C55B82444884600A06C38 /* Build configuration list for PBXProject "TempSDK" */ = {
			isa = XCConfigurationList;
			buildConfigurations = (
				E88C55C42444884600A06C38 /* Debug */,
				E88C55C52444884600A06C38 /* Release */,
			);
			defaultConfigurationIsVisible = 0;
			defaultConfigurationName = Release;
		};
		E88C55C62444884600A06C38 /* Build configuration list for PBXNativeTarget "TempSDK" */ = {
			isa = XCConfigurationList;
			buildConfigurations = (
				E88C55C72444884600A06C38 /* Debug */,
				E88C55C82444884600A06C38 /* Release */,
			);
			defaultConfigurationIsVisible = 0;
			defaultConfigurationName = Release;
		};
/* End XCConfigurationList section */
	};
	rootObject = E88C55B52444884600A06C38 /* Project object */;
}
